
Microsoft Visual Studio Solution File, Format Version 12.00
# Visual Studio Version 16
VisualStudioVersion = 16.0.31624.102
MinimumVisualStudioVersion = 10.0.40219.1
Project("{FAE04EC0-301F-11D3-BF4B-00C04F79EFBC}") = "AddNumbersActivity", "AddNumbersActivity\AddNumbersActivity.csproj", "{49183DA3-F6A3-452C-A17D-2CCA9F4B3995}"
EndProject
Global
	GlobalSection(SolutionConfigurationPlatforms) = preSolution
		Debug|Any CPU = Debug|Any CPU
		Release|Any CPU = Release|Any CPU
	EndGlobalSection
	GlobalSection(ProjectConfigurationPlatforms) = postSolution
		{49183DA3-F6A3-452C-A17D-2CCA9F4B3995}.Debug|Any CPU.ActiveCfg = Debug|Any CPU
		{49183DA3-F6A3-452C-A17D-2CCA9F4B3995}.Debug|Any CPU.Build.0 = Debug|Any CPU
		{49183DA3-F6A3-452C-A17D-2CCA9F4B3995}.Release|Any CPU.ActiveCfg = Release|Any CPU
		{49183DA3-F6A3-452C-A17D-2CCA9F4B3995}.Release|Any CPU.Build.0 = Release|Any CPU
	EndGlobalSection
	GlobalSection(SolutionProperties) = preSolution
		HideSolutionNode = FALSE
	EndGlobalSection
	GlobalSection(ExtensibilityGlobals) = postSolution
		SolutionGuid = {ED903BE9-AE79-41FA-9DC6-577607EA06E1}
	EndGlobalSection
EndGlobal
